
Microsoft Visual Studio Solution File, Format Version 12.00
# Visual Studio Version 16
VisualStudioVersion = 25.0.1706.4
MinimumVisualStudioVersion = 10.0.40219.1
Project("{FAE04EC0-301F-11D3-BF4B-00C04F79EFBC}") = "parse", "parse\parse.csproj", "{BF04A913-2BD0-4825-90CB-E2E621809ED3}"
EndProject
Global
	GlobalSection(SolutionConfigurationPlatforms) = preSolution
		Debug|Any CPU = Debug|Any CPU
		Release|Any CPU = Release|Any CPU
	EndGlobalSection
	GlobalSection(ProjectConfigurationPlatforms) = postSolution
		{BF04A913-2BD0-4825-90CB-E2E621809ED3}.Debug|Any CPU.ActiveCfg = Debug|Any CPU
		{BF04A913-2BD0-4825-90CB-E2E621809ED3}.Debug|Any CPU.Build.0 = Debug|Any CPU
		{BF04A913-2BD0-4825-90CB-E2E621809ED3}.Release|Any CPU.ActiveCfg = Release|Any CPU
		{BF04A913-2BD0-4825-90CB-E2E621809ED3}.Release|Any CPU.Build.0 = Release|Any CPU
	EndGlobalSection
	GlobalSection(SolutionProperties) = preSolution
		HideSolutionNode = FALSE
	EndGlobalSection
	GlobalSection(ExtensibilityGlobals) = postSolution
		SolutionGuid = {5922B295-D0B3-40D8-921B-BAC2FD9D4852}
	EndGlobalSection
EndGlobal
