
Microsoft Visual Studio Solution File, Format Version 12.00
# Visual Studio Version 16
VisualStudioVersion = 25.0.1706.4
MinimumVisualStudioVersion = 10.0.40219.1
Project("{FAE04EC0-301F-11D3-BF4B-00C04F79EFBC}") = "String", "String\String.csproj", "{88E56702-1398-40B9-81D1-F422F38B3D90}"
EndProject
Global
	GlobalSection(SolutionConfigurationPlatforms) = preSolution
		Debug|Any CPU = Debug|Any CPU
		Release|Any CPU = Release|Any CPU
	EndGlobalSection
	GlobalSection(ProjectConfigurationPlatforms) = postSolution
		{88E56702-1398-40B9-81D1-F422F38B3D90}.Debug|Any CPU.ActiveCfg = Debug|Any CPU
		{88E56702-1398-40B9-81D1-F422F38B3D90}.Debug|Any CPU.Build.0 = Debug|Any CPU
		{88E56702-1398-40B9-81D1-F422F38B3D90}.Release|Any CPU.ActiveCfg = Release|Any CPU
		{88E56702-1398-40B9-81D1-F422F38B3D90}.Release|Any CPU.Build.0 = Release|Any CPU
	EndGlobalSection
	GlobalSection(SolutionProperties) = preSolution
		HideSolutionNode = FALSE
	EndGlobalSection
	GlobalSection(ExtensibilityGlobals) = postSolution
		SolutionGuid = {724C027B-409F-4ECB-A716-A41B12BA631C}
	EndGlobalSection
EndGlobal
