
Microsoft Visual Studio Solution File, Format Version 12.00
# Visual Studio Version 16
VisualStudioVersion = 25.0.1706.4
MinimumVisualStudioVersion = 10.0.40219.1
Project("{FAE04EC0-301F-11D3-BF4B-00C04F79EFBC}") = "RegisteringandLogingin", "RegisteringandLogingin\RegisteringandLogingin.csproj", "{A91C5BB6-C3E3-494F-9593-A8C74BDBA0CD}"
EndProject
Global
	GlobalSection(SolutionConfigurationPlatforms) = preSolution
		Debug|Any CPU = Debug|Any CPU
		Release|Any CPU = Release|Any CPU
	EndGlobalSection
	GlobalSection(ProjectConfigurationPlatforms) = postSolution
		{A91C5BB6-C3E3-494F-9593-A8C74BDBA0CD}.Debug|Any CPU.ActiveCfg = Debug|Any CPU
		{A91C5BB6-C3E3-494F-9593-A8C74BDBA0CD}.Debug|Any CPU.Build.0 = Debug|Any CPU
		{A91C5BB6-C3E3-494F-9593-A8C74BDBA0CD}.Release|Any CPU.ActiveCfg = Release|Any CPU
		{A91C5BB6-C3E3-494F-9593-A8C74BDBA0CD}.Release|Any CPU.Build.0 = Release|Any CPU
	EndGlobalSection
	GlobalSection(SolutionProperties) = preSolution
		HideSolutionNode = FALSE
	EndGlobalSection
	GlobalSection(ExtensibilityGlobals) = postSolution
		SolutionGuid = {183D53C5-1C76-4B26-B59D-4B158C7CC08D}
	EndGlobalSection
EndGlobal
