
Microsoft Visual Studio Solution File, Format Version 12.00
# Visual Studio Version 16
VisualStudioVersion = 25.0.1706.4
MinimumVisualStudioVersion = 10.0.40219.1
Project("{FAE04EC0-301F-11D3-BF4B-00C04F79EFBC}") = "Conversion", "Conversion\Conversion.csproj", "{3FA75A80-2775-4FE0-B3C3-F96A724414DA}"
EndProject
Global
	GlobalSection(SolutionConfigurationPlatforms) = preSolution
		Debug|Any CPU = Debug|Any CPU
		Release|Any CPU = Release|Any CPU
	EndGlobalSection
	GlobalSection(ProjectConfigurationPlatforms) = postSolution
		{3FA75A80-2775-4FE0-B3C3-F96A724414DA}.Debug|Any CPU.ActiveCfg = Debug|Any CPU
		{3FA75A80-2775-4FE0-B3C3-F96A724414DA}.Debug|Any CPU.Build.0 = Debug|Any CPU
		{3FA75A80-2775-4FE0-B3C3-F96A724414DA}.Release|Any CPU.ActiveCfg = Release|Any CPU
		{3FA75A80-2775-4FE0-B3C3-F96A724414DA}.Release|Any CPU.Build.0 = Release|Any CPU
	EndGlobalSection
	GlobalSection(SolutionProperties) = preSolution
		HideSolutionNode = FALSE
	EndGlobalSection
	GlobalSection(ExtensibilityGlobals) = postSolution
		SolutionGuid = {2308214A-2546-4EE9-B17E-F70843579FB1}
	EndGlobalSection
EndGlobal
