
Microsoft Visual Studio Solution File, Format Version 12.00
# Visual Studio Version 16
VisualStudioVersion = 25.0.1706.4
MinimumVisualStudioVersion = 10.0.40219.1
Project("{FAE04EC0-301F-11D3-BF4B-00C04F79EFBC}") = "challengingternary", "challengingternary\challengingternary.csproj", "{BDE4F1F2-1B1D-4CD5-8FAF-74D6D0C9D108}"
EndProject
Global
	GlobalSection(SolutionConfigurationPlatforms) = preSolution
		Debug|Any CPU = Debug|Any CPU
		Release|Any CPU = Release|Any CPU
	EndGlobalSection
	GlobalSection(ProjectConfigurationPlatforms) = postSolution
		{BDE4F1F2-1B1D-4CD5-8FAF-74D6D0C9D108}.Debug|Any CPU.ActiveCfg = Debug|Any CPU
		{BDE4F1F2-1B1D-4CD5-8FAF-74D6D0C9D108}.Debug|Any CPU.Build.0 = Debug|Any CPU
		{BDE4F1F2-1B1D-4CD5-8FAF-74D6D0C9D108}.Release|Any CPU.ActiveCfg = Release|Any CPU
		{BDE4F1F2-1B1D-4CD5-8FAF-74D6D0C9D108}.Release|Any CPU.Build.0 = Release|Any CPU
	EndGlobalSection
	GlobalSection(SolutionProperties) = preSolution
		HideSolutionNode = FALSE
	EndGlobalSection
	GlobalSection(ExtensibilityGlobals) = postSolution
		SolutionGuid = {F62243CC-4021-41F6-9090-4859D931372A}
	EndGlobalSection
EndGlobal
