
Microsoft Visual Studio Solution File, Format Version 12.00
# Visual Studio Version 16
VisualStudioVersion = 25.0.1706.6
MinimumVisualStudioVersion = 10.0.40219.1
Project("{FAE04EC0-301F-11D3-BF4B-00C04F79EFBC}") = "Quesque", "Quesque\Quesque.csproj", "{16824E69-9416-4751-8320-86063A129D27}"
EndProject
Global
	GlobalSection(SolutionConfigurationPlatforms) = preSolution
		Debug|Any CPU = Debug|Any CPU
		Release|Any CPU = Release|Any CPU
	EndGlobalSection
	GlobalSection(ProjectConfigurationPlatforms) = postSolution
		{16824E69-9416-4751-8320-86063A129D27}.Debug|Any CPU.ActiveCfg = Debug|Any CPU
		{16824E69-9416-4751-8320-86063A129D27}.Debug|Any CPU.Build.0 = Debug|Any CPU
		{16824E69-9416-4751-8320-86063A129D27}.Release|Any CPU.ActiveCfg = Release|Any CPU
		{16824E69-9416-4751-8320-86063A129D27}.Release|Any CPU.Build.0 = Release|Any CPU
	EndGlobalSection
	GlobalSection(SolutionProperties) = preSolution
		HideSolutionNode = FALSE
	EndGlobalSection
	GlobalSection(ExtensibilityGlobals) = postSolution
		SolutionGuid = {670D2A36-86C1-4662-B7ED-988BC90F8B05}
	EndGlobalSection
EndGlobal
