
Microsoft Visual Studio Solution File, Format Version 12.00
# Visual Studio Version 16
VisualStudioVersion = 25.0.1706.4
MinimumVisualStudioVersion = 10.0.40219.1
Project("{FAE04EC0-301F-11D3-BF4B-00C04F79EFBC}") = "bestyasuio", "bestyasuio\bestyasuio.csproj", "{68AF357D-05EF-4FA6-87FD-625F1EBDD212}"
EndProject
Global
	GlobalSection(SolutionConfigurationPlatforms) = preSolution
		Debug|Any CPU = Debug|Any CPU
		Release|Any CPU = Release|Any CPU
	EndGlobalSection
	GlobalSection(ProjectConfigurationPlatforms) = postSolution
		{68AF357D-05EF-4FA6-87FD-625F1EBDD212}.Debug|Any CPU.ActiveCfg = Debug|Any CPU
		{68AF357D-05EF-4FA6-87FD-625F1EBDD212}.Debug|Any CPU.Build.0 = Debug|Any CPU
		{68AF357D-05EF-4FA6-87FD-625F1EBDD212}.Release|Any CPU.ActiveCfg = Release|Any CPU
		{68AF357D-05EF-4FA6-87FD-625F1EBDD212}.Release|Any CPU.Build.0 = Release|Any CPU
	EndGlobalSection
	GlobalSection(SolutionProperties) = preSolution
		HideSolutionNode = FALSE
	EndGlobalSection
	GlobalSection(ExtensibilityGlobals) = postSolution
		SolutionGuid = {615BB71B-878F-45DD-BC2D-D4983AA52F4E}
	EndGlobalSection
EndGlobal
